// !$*UTF8*$!
{
	archiveVersion = 1;
	classes = {
	};
	objectVersion = 77;
	objects = {

/* Begin PBXContainerItemProxy section */
		AB136DCB2CB51E3300BF1D62 /* PBXContainerItemProxy */ = {
			isa = PBXContainerItemProxy;
			containerPortal = AB136DAE2CB51E2F00BF1D62 /* Project object */;
			proxyType = 1;
			remoteGlobalIDString = AB136DB52CB51E2F00BF1D62;
			remoteInfo = playGround;
		};
		AB136DD52CB51E3300BF1D62 /* PBXContainerItemProxy */ = {
			isa = PBXContainerItemProxy;
			containerPortal = AB136DAE2CB51E2F00BF1D62 /* Project object */;
			proxyType = 1;
			remoteGlobalIDString = AB136DB52CB51E2F00BF1D62;
			remoteInfo = playGround;
		};
/* End PBXContainerItemProxy section */

/* Begin PBXFileReference section */
		AB136DB62CB51E2F00BF1D62 /* playGround.app */ = {isa = PBXFileReference; explicitFileType = wrapper.application; includeInIndex = 0; path = playGround.app; sourceTree = BUILT_PRODUCTS_DIR; };
		AB136DCA2CB51E3300BF1D62 /* playGroundTests.xctest */ = {isa = PBXFileReference; explicitFileType = wrapper.cfbundle; includeInIndex = 0; path = playGroundTests.xctest; sourceTree = BUILT_PRODUCTS_DIR; };
		AB136DD42CB51E3300BF1D62 /* playGroundUITests.xctest */ = {isa = PBXFileReference; explicitFileType = wrapper.cfbundle; includeInIndex = 0; path = playGroundUITests.xctest; sourceTree = BUILT_PRODUCTS_DIR; };
/* End PBXFileReference section */

/* Begin PBXFileSystemSynchronizedBuildFileExceptionSet section */
		AB136DDC2CB51E3300BF1D62 /* Exceptions for "playGround" folder in "playGround" target */ = {
			isa = PBXFileSystemSynchronizedBuildFileExceptionSet;
			membershipExceptions = (
				Info.plist,
			);
			target = AB136DB52CB51E2F00BF1D62 /* playGround */;
		};
/* End PBXFileSystemSynchronizedBuildFileExceptionSet section */

/* Begin PBXFileSystemSynchronizedRootGroup section */
		AB136DB82CB51E2F00BF1D62 /* playGround */ = {
			isa = PBXFileSystemSynchronizedRootGroup;
			exceptions = (
				AB136DDC2CB51E3300BF1D62 /* Exceptions for "playGround" folder in "playGround" target */,
			);
			path = playGround;
			sourceTree = "<group>";
		};
		AB136DCD2CB51E3300BF1D62 /* playGroundTests */ = {
			isa = PBXFileSystemSynchronizedRootGroup;
			path = playGroundTests;
			sourceTree = "<group>";
		};
		AB136DD72CB51E3300BF1D62 /* playGroundUITests */ = {
			isa = PBXFileSystemSynchronizedRootGroup;
			path = playGroundUITests;
			sourceTree = "<group>";
		};
/* End PBXFileSystemSynchronizedRootGroup section */

/* Begin PBXFrameworksBuildPhase section */
		AB136DB32CB51E2F00BF1D62 /* Frameworks */ = {
			isa = PBXFrameworksBuildPhase;
			buildActionMask = 2147483647;
			files = (
			);
			runOnlyForDeploymentPostprocessing = 0;
		};
		AB136DC72CB51E3300BF1D62 /* Frameworks */ = {
			isa = PBXFrameworksBuildPhase;
			buildActionMask = 2147483647;
			files = (
			);
			runOnlyForDeploymentPostprocessing = 0;
		};
		AB136DD12CB51E3300BF1D62 /* Frameworks */ = {
			isa = PBXFrameworksBuildPhase;
			buildActionMask = 2147483647;
			files = (
			);
			runOnlyForDeploymentPostprocessing = 0;
		};
/* End PBXFrameworksBuildPhase section */

/* Begin PBXGroup section */
		AB136DAD2CB51E2F00BF1D62 = {
			isa = PBXGroup;
			children = (
				AB136DB82CB51E2F00BF1D62 /* playGround */,
				AB136DCD2CB51E3300BF1D62 /* playGroundTests */,
				AB136DD72CB51E3300BF1D62 /* playGroundUITests */,
				AB136DB72CB51E2F00BF1D62 /* Products */,
			);
			sourceTree = "<group>";
		};
		AB136DB72CB51E2F00BF1D62 /* Products */ = {
			isa = PBXGroup;
			children = (
				AB136DB62CB51E2F00BF1D62 /* playGround.app */,
				AB136DCA2CB51E3300BF1D62 /* playGroundTests.xctest */,
				AB136DD42CB51E3300BF1D62 /* playGroundUITests.xctest */,
			);
			name = Products;
			sourceTree = "<group>";
		};
/* End PBXGroup section */

/* Begin PBXNativeTarget section */
		AB136DB52CB51E2F00BF1D62 /* playGround */ = {
			isa = PBXNativeTarget;
			buildConfigurationList = AB136DDD2CB51E3300BF1D62 /* Build configuration list for PBXNativeTarget "playGround" */;
			buildPhases = (
				AB136DB22CB51E2F00BF1D62 /* Sources */,
				AB136DB32CB51E2F00BF1D62 /* Frameworks */,
				AB136DB42CB51E2F00BF1D62 /* Resources */,
			);
			buildRules = (
			);
			dependencies = (
			);
			fileSystemSynchronizedGroups = (
				AB136DB82CB51E2F00BF1D62 /* playGround */,
			);
			name = playGround;
			packageProductDependencies = (
			);
			productName = playGround;
			productReference = AB136DB62CB51E2F00BF1D62 /* playGround.app */;
			productType = "com.apple.product-type.application";
		};
		AB136DC92CB51E3300BF1D62 /* playGroundTests */ = {
			isa = PBXNativeTarget;
			buildConfigurationList = AB136DE22CB51E3300BF1D62 /* Build configuration list for PBXNativeTarget "playGroundTests" */;
			buildPhases = (
				AB136DC62CB51E3300BF1D62 /* Sources */,
				AB136DC72CB51E3300BF1D62 /* Frameworks */,
				AB136DC82CB51E3300BF1D62 /* Resources */,
			);
			buildRules = (
			);
			dependencies = (
				AB136DCC2CB51E3300BF1D62 /* PBXTargetDependency */,
			);
			fileSystemSynchronizedGroups = (
				AB136DCD2CB51E3300BF1D62 /* playGroundTests */,
			);
			name = playGroundTests;
			packageProductDependencies = (
			);
			productName = playGroundTests;
			productReference = AB136DCA2CB51E3300BF1D62 /* playGroundTests.xctest */;
			productType = "com.apple.product-type.bundle.unit-test";
		};
		AB136DD32CB51E3300BF1D62 /* playGroundUITests */ = {
			isa = PBXNativeTarget;
			buildConfigurationList = AB136DE52CB51E3300BF1D62 /* Build configuration list for PBXNativeTarget "playGroundUITests" */;
			buildPhases = (
				AB136DD02CB51E3300BF1D62 /* Sources */,
				AB136DD12CB51E3300BF1D62 /* Frameworks */,
				AB136DD22CB51E3300BF1D62 /* Resources */,
			);
			buildRules = (
			);
			dependencies = (
				AB136DD62CB51E3300BF1D62 /* PBXTargetDependency */,
			);
			fileSystemSynchronizedGroups = (
				AB136DD72CB51E3300BF1D62 /* playGroundUITests */,
			);
			name = playGroundUITests;
			packageProductDependencies = (
			);
			productName = playGroundUITests;
			productReference = AB136DD42CB51E3300BF1D62 /* playGroundUITests.xctest */;
			productType = "com.apple.product-type.bundle.ui-testing";
		};
/* End PBXNativeTarget section */

/* Begin PBXProject section */
		AB136DAE2CB51E2F00BF1D62 /* Project object */ = {
			isa = PBXProject;
			attributes = {
				BuildIndependentTargetsInParallel = 1;
				LastSwiftUpdateCheck = 1600;
				LastUpgradeCheck = 1600;
				TargetAttributes = {
					AB136DB52CB51E2F00BF1D62 = {
						CreatedOnToolsVersion = 16.0;
					};
					AB136DC92CB51E3300BF1D62 = {
						CreatedOnToolsVersion = 16.0;
						TestTargetID = AB136DB52CB51E2F00BF1D62;
					};
					AB136DD32CB51E3300BF1D62 = {
						CreatedOnToolsVersion = 16.0;
						TestTargetID = AB136DB52CB51E2F00BF1D62;
					};
				};
			};
			buildConfigurationList = AB136DB12CB51E2F00BF1D62 /* Build configuration list for PBXProject "playGround" */;
			developmentRegion = en;
			hasScannedForEncodings = 0;
			knownRegions = (
				en,
				Base,
			);
			mainGroup = AB136DAD2CB51E2F00BF1D62;
			minimizedProjectReferenceProxies = 1;
			preferredProjectObjectVersion = 77;
			productRefGroup = AB136DB72CB51E2F00BF1D62 /* Products */;
			projectDirPath = "";
			projectRoot = "";
			targets = (
				AB136DB52CB51E2F00BF1D62 /* playGround */,
				AB136DC92CB51E3300BF1D62 /* playGroundTests */,
				AB136DD32CB51E3300BF1D62 /* playGroundUITests */,
			);
		};
/* End PBXProject section */

/* Begin PBXResourcesBuildPhase section */
		AB136DB42CB51E2F00BF1D62 /* Resources */ = {
			isa = PBXResourcesBuildPhase;
			buildActionMask = 2147483647;
			files = (
			);
			runOnlyForDeploymentPostprocessing = 0;
		};
		AB136DC82CB51E3300BF1D62 /* Resources */ = {
			isa = PBXResourcesBuildPhase;
			buildActionMask = 2147483647;
			files = (
			);
			runOnlyForDeploymentPostprocessing = 0;
		};
		AB136DD22CB51E3300BF1D62 /* Resources */ = {
			isa = PBXResourcesBuildPhase;
			buildActionMask = 2147483647;
			files = (
			);
			runOnlyForDeploymentPostprocessing = 0;
		};
/* End PBXResourcesBuildPhase section */

/* Begin PBXSourcesBuildPhase section */
		AB136DB22CB51E2F00BF1D62 /* Sources */ = {
			isa = PBXSourcesBuildPhase;
			buildActionMask = 2147483647;
			files = (
			);
			runOnlyForDeploymentPostprocessing = 0;
		};
		AB136DC62CB51E3300BF1D62 /* Sources */ = {
			isa = PBXSourcesBuildPhase;
			buildActionMask = 2147483647;
			files = (
			);
			runOnlyForDeploymentPostprocessing = 0;
		};
		AB136DD02CB51E3300BF1D62 /* Sources */ = {
			isa = PBXSourcesBuildPhase;
			buildActionMask = 2147483647;
			files = (
			);
			runOnlyForDeploymentPostprocessing = 0;
		};
/* End PBXSourcesBuildPhase section */

/* Begin PBXTargetDependency section */
		AB136DCC2CB51E3300BF1D62 /* PBXTargetDependency */ = {
			isa = PBXTargetDependency;
			target = AB136DB52CB51E2F00BF1D62 /* playGround */;
			targetProxy = AB136DCB2CB51E3300BF1D62 /* PBXContainerItemProxy */;
		};
		AB136DD62CB51E3300BF1D62 /* PBXTargetDependency */ = {
			isa = PBXTargetDependency;
			target = AB136DB52CB51E2F00BF1D62 /* playGround */;
			targetProxy = AB136DD52CB51E3300BF1D62 /* PBXContainerItemProxy */;
		};
/* End PBXTargetDependency section */

/* Begin XCBuildConfiguration section */
		AB136DDE2CB51E3300BF1D62 /* Debug */ = {
			isa = XCBuildConfiguration;
			buildSettings = {
				ASSETCATALOG_COMPILER_APPICON_NAME = AppIcon;
				ASSETCATALOG_COMPILER_GLOBAL_ACCENT_COLOR_NAME = AccentColor;
				CODE_SIGN_ENTITLEMENTS = playGround/playGround.entitlements;
				CODE_SIGN_STYLE = Automatic;
				CURRENT_PROJECT_VERSION = 1;
				DEVELOPMENT_ASSET_PATHS = "\"playGround/Preview Content\"";
				DEVELOPMENT_TEAM = W4H4NKZ55Q;
				ENABLE_PREVIEWS = YES;
				GENERATE_INFOPLIST_FILE = YES;
				INFOPLIST_FILE = playGround/Info.plist;
				INFOPLIST_KEY_UIApplicationSceneManifest_Generation = YES;
				INFOPLIST_KEY_UIApplicationSupportsIndirectInputEvents = YES;
				INFOPLIST_KEY_UILaunchScreen_Generation = YES;
				INFOPLIST_KEY_UISupportedInterfaceOrientations_iPad = "UIInterfaceOrientationPortrait UIInterfaceOrientationPortraitUpsideDown UIInterfaceOrientationLandscapeLeft UIInterfaceOrientationLandscapeRight";
				INFOPLIST_KEY_UISupportedInterfaceOrientations_iPhone = "UIInterfaceOrientationPortrait UIInterfaceOrientationLandscapeLeft UIInterfaceOrientationLandscapeRight";
				LD_RUNPATH_SEARCH_PATHS = (
					"$(inherited)",
					"@executable_path/Frameworks",
				);
				MARKETING_VERSION = 1.0;
				PRODUCT_BUNDLE_IDENTIFIER = com.arias.playGround;
				PRODUCT_NAME = "$(TARGET_NAME)";
				SWIFT_EMIT_LOC_STRINGS = YES;
				SWIFT_VERSION = 5.0;
				TARGETED_DEVICE_FAMILY = "1,2";
			};
			name = Debug;
		};
		AB136DDF2CB51E3300BF1D62 /* Release */ = {
			isa = XCBuildConfiguration;
			buildSettings = {
				ASSETCATALOG_COMPILER_APPICON_NAME = AppIcon;
				ASSETCATALOG_COMPILER_GLOBAL_ACCENT_COLOR_NAME = AccentColor;
				CODE_SIGN_ENTITLEMENTS = playGround/playGround.entitlements;
				CODE_SIGN_STYLE = Automatic;
				CURRENT_PROJECT_VERSION = 1;
				DEVELOPMENT_ASSET_PATHS = "\"playGround/Preview Content\"";
				DEVELOPMENT_TEAM = W4H4NKZ55Q;
				ENABLE_PREVIEWS = YES;
				GENERATE_INFOPLIST_FILE = YES;
				INFOPLIST_FILE = playGround/Info.plist;
				INFOPLIST_KEY_UIApplicationSceneManifest_Generation = YES;
				INFOPLIST_KEY_UIApplicationSupportsIndirectInputEvents = YES;
				INFOPLIST_KEY_UILaunchScreen_Generation = YES;
				INFOPLIST_KEY_UISupportedInterfaceOrientations_iPad = "UIInterfaceOrientationPortrait UIInterfaceOrientationPortraitUpsideDown UIInterfaceOrientationLandscapeLeft UIInterfaceOrientationLandscapeRight";
				INFOPLIST_KEY_UISupportedInterfaceOrientations_iPhone = "UIInterfaceOrientationPortrait UIInterfaceOrientationLandscapeLeft UIInterfaceOrientationLandscapeRight";
				LD_RUNPATH_SEARCH_PATHS = (
					"$(inherited)",
					"@executable_path/Frameworks",
				);
				MARKETING_VERSION = 1.0;
				PRODUCT_BUNDLE_IDENTIFIER = com.arias.playGround;
				PRODUCT_NAME = "$(TARGET_NAME)";
				SWIFT_EMIT_LOC_STRINGS = YES;
				SWIFT_VERSION = 5.0;
				TARGETED_DEVICE_FAMILY = "1,2";
			};
			name = Release;
		};
		AB136DE02CB51E3300BF1D62 /* Debug */ = {
			isa = XCBuildConfiguration;
			buildSettings = {
				ALWAYS_SEARCH_USER_PATHS = NO;
				ASSETCATALOG_COMPILER_GENERATE_SWIFT_ASSET_SYMBOL_EXTENSIONS = YES;
				CLANG_ANALYZER_NONNULL = YES;
				CLANG_ANALYZER_NUMBER_OBJECT_CONVERSION = YES_AGGRESSIVE;
				CLANG_CXX_LANGUAGE_STANDARD = "gnu++20";
				CLANG_ENABLE_MODULES = YES;
				CLANG_ENABLE_OBJC_ARC = YES;
				CLANG_ENABLE_OBJC_WEAK = YES;
				CLANG_WARN_BLOCK_CAPTURE_AUTORELEASING = YES;
				CLANG_WARN_BOOL_CONVERSION = YES;
				CLANG_WARN_COMMA = YES;
				CLANG_WARN_CONSTANT_CONVERSION = YES;
				CLANG_WARN_DEPRECATED_OBJC_IMPLEMENTATIONS = YES;
				CLANG_WARN_DIRECT_OBJC_ISA_USAGE = YES_ERROR;
				CLANG_WARN_DOCUMENTATION_COMMENTS = YES;
				CLANG_WARN_EMPTY_BODY = YES;
				CLANG_WARN_ENUM_CONVERSION = YES;
				CLANG_WARN_INFINITE_RECURSION = YES;
				CLANG_WARN_INT_CONVERSION = YES;
				CLANG_WARN_NON_LITERAL_NULL_CONVERSION = YES;
				CLANG_WARN_OBJC_IMPLICIT_RETAIN_SELF = YES;
				CLANG_WARN_OBJC_LITERAL_CONVERSION = YES;
				CLANG_WARN_OBJC_ROOT_CLASS = YES_ERROR;
				CLANG_WARN_QUOTED_INCLUDE_IN_FRAMEWORK_HEADER = YES;
				CLANG_WARN_RANGE_LOOP_ANALYSIS = YES;
				CLANG_WARN_STRICT_PROTOTYPES = YES;
				CLANG_WARN_SUSPICIOUS_MOVE = YES;
				CLANG_WARN_UNGUARDED_AVAILABILITY = YES_AGGRESSIVE;
				CLANG_WARN_UNREACHABLE_CODE = YES;
				CLANG_WARN__DUPLICATE_METHOD_MATCH = YES;
				COPY_PHASE_STRIP = NO;
				DEBUG_INFORMATION_FORMAT = dwarf;
				ENABLE_STRICT_OBJC_MSGSEND = YES;
				ENABLE_TESTABILITY = YES;
				ENABLE_USER_SCRIPT_SANDBOXING = YES;
				GCC_C_LANGUAGE_STANDARD = gnu17;
				GCC_DYNAMIC_NO_PIC = NO;
				GCC_NO_COMMON_BLOCKS = YES;
				GCC_OPTIMIZATION_LEVEL = 0;
				GCC_PREPROCESSOR_DEFINITIONS = (
					"DEBUG=1",
					"$(inherited)",
				);
				GCC_WARN_64_TO_32_BIT_CONVERSION = YES;
				GCC_WARN_ABOUT_RETURN_TYPE = YES_ERROR;
				GCC_WARN_UNDECLARED_SELECTOR = YES;
				GCC_WARN_UNINITIALIZED_AUTOS = YES_AGGRESSIVE;
				GCC_WARN_UNUSED_FUNCTION = YES;
				GCC_WARN_UNUSED_VARIABLE = YES;
				IPHONEOS_DEPLOYMENT_TARGET = 18.0;
				LOCALIZATION_PREFERS_STRING_CATALOGS = YES;
				MTL_ENABLE_DEBUG_INFO = INCLUDE_SOURCE;
				MTL_FAST_MATH = YES;
				ONLY_ACTIVE_ARCH = YES;
				SDKROOT = iphoneos;
				SWIFT_ACTIVE_COMPILATION_CONDITIONS = "DEBUG $(inherited)";
				SWIFT_OPTIMIZATION_LEVEL = "-Onone";
			};
			name = Debug;
		};
		AB136DE12CB51E3300BF1D62 /* Release */ = {
			isa = XCBuildConfiguration;
			buildSettings = {
				ALWAYS_SEARCH_USER_PATHS = NO;
				ASSETCATALOG_COMPILER_GENERATE_SWIFT_ASSET_SYMBOL_EXTENSIONS = YES;
				CLANG_ANALYZER_NONNULL = YES;
				CLANG_ANALYZER_NUMBER_OBJECT_CONVERSION = YES_AGGRESSIVE;
				CLANG_CXX_LANGUAGE_STANDARD = "gnu++20";
				CLANG_ENABLE_MODULES = YES;
				CLANG_ENABLE_OBJC_ARC = YES;
				CLANG_ENABLE_OBJC_WEAK = YES;
				CLANG_WARN_BLOCK_CAPTURE_AUTORELEASING = YES;
				CLANG_WARN_BOOL_CONVERSION = YES;
				CLANG_WARN_COMMA = YES;
				CLANG_WARN_CONSTANT_CONVERSION = YES;
				CLANG_WARN_DEPRECATED_OBJC_IMPLEMENTATIONS = YES;
				CLANG_WARN_DIRECT_OBJC_ISA_USAGE = YES_ERROR;
				CLANG_WARN_DOCUMENTATION_COMMENTS = YES;
				CLANG_WARN_EMPTY_BODY = YES;
				CLANG_WARN_ENUM_CONVERSION = YES;
				CLANG_WARN_INFINITE_RECURSION = YES;
				CLANG_WARN_INT_CONVERSION = YES;
				CLANG_WARN_NON_LITERAL_NULL_CONVERSION = YES;
				CLANG_WARN_OBJC_IMPLICIT_RETAIN_SELF = YES;
				CLANG_WARN_OBJC_LITERAL_CONVERSION = YES;
				CLANG_WARN_OBJC_ROOT_CLASS = YES_ERROR;
				CLANG_WARN_QUOTED_INCLUDE_IN_FRAMEWORK_HEADER = YES;
				CLANG_WARN_RANGE_LOOP_ANALYSIS = YES;
				CLANG_WARN_STRICT_PROTOTYPES = YES;
				CLANG_WARN_SUSPICIOUS_MOVE = YES;
				CLANG_WARN_UNGUARDED_AVAILABILITY = YES_AGGRESSIVE;
				CLANG_WARN_UNREACHABLE_CODE = YES;
				CLANG_WARN__DUPLICATE_METHOD_MATCH = YES;
				COPY_PHASE_STRIP = NO;
				DEBUG_INFORMATION_FORMAT = "dwarf-with-dsym";
				ENABLE_NS_ASSERTIONS = NO;
				ENABLE_STRICT_OBJC_MSGSEND = YES;
				ENABLE_USER_SCRIPT_SANDBOXING = YES;
				GCC_C_LANGUAGE_STANDARD = gnu17;
				GCC_NO_COMMON_BLOCKS = YES;
				GCC_WARN_64_TO_32_BIT_CONVERSION = YES;
				GCC_WARN_ABOUT_RETURN_TYPE = YES_ERROR;
				GCC_WARN_UNDECLARED_SELECTOR = YES;
				GCC_WARN_UNINITIALIZED_AUTOS = YES_AGGRESSIVE;
				GCC_WARN_UNUSED_FUNCTION = YES;
				GCC_WARN_UNUSED_VARIABLE = YES;
				IPHONEOS_DEPLOYMENT_TARGET = 18.0;
				LOCALIZATION_PREFERS_STRING_CATALOGS = YES;
				MTL_ENABLE_DEBUG_INFO = NO;
				MTL_FAST_MATH = YES;
				SDKROOT = iphoneos;
				SWIFT_COMPILATION_MODE = wholemodule;
				VALIDATE_PRODUCT = YES;
			};
			name = Release;
		};
		AB136DE32CB51E3300BF1D62 /* Debug */ = {
			isa = XCBuildConfiguration;
			buildSettings = {
				BUNDLE_LOADER = "$(TEST_HOST)";
				CODE_SIGN_STYLE = Automatic;
				CURRENT_PROJECT_VERSION = 1;
				DEVELOPMENT_TEAM = W4H4NKZ55Q;
				GENERATE_INFOPLIST_FILE = YES;
				IPHONEOS_DEPLOYMENT_TARGET = 18.0;
				MARKETING_VERSION = 1.0;
				PRODUCT_BUNDLE_IDENTIFIER = com.arias.playGroundTests;
				PRODUCT_NAME = "$(TARGET_NAME)";
				SWIFT_EMIT_LOC_STRINGS = NO;
				SWIFT_VERSION = 5.0;
				TARGETED_DEVICE_FAMILY = "1,2";
				TEST_HOST = "$(BUILT_PRODUCTS_DIR)/playGround.app/$(BUNDLE_EXECUTABLE_FOLDER_PATH)/playGround";
			};
			name = Debug;
		};
		AB136DE42CB51E3300BF1D62 /* Release */ = {
			isa = XCBuildConfiguration;
			buildSettings = {
				BUNDLE_LOADER = "$(TEST_HOST)";
				CODE_SIGN_STYLE = Automatic;
				CURRENT_PROJECT_VERSION = 1;
				DEVELOPMENT_TEAM = W4H4NKZ55Q;
				GENERATE_INFOPLIST_FILE = YES;
				IPHONEOS_DEPLOYMENT_TARGET = 18.0;
				MARKETING_VERSION = 1.0;
				PRODUCT_BUNDLE_IDENTIFIER = com.arias.playGroundTests;
				PRODUCT_NAME = "$(TARGET_NAME)";
				SWIFT_EMIT_LOC_STRINGS = NO;
				SWIFT_VERSION = 5.0;
				TARGETED_DEVICE_FAMILY = "1,2";
				TEST_HOST = "$(BUILT_PRODUCTS_DIR)/playGround.app/$(BUNDLE_EXECUTABLE_FOLDER_PATH)/playGround";
			};
			name = Release;
		};
		AB136DE62CB51E3300BF1D62 /* Debug */ = {
			isa = XCBuildConfiguration;
			buildSettings = {
				CODE_SIGN_STYLE = Automatic;
				CURRENT_PROJECT_VERSION = 1;
				DEVELOPMENT_TEAM = W4H4NKZ55Q;
				GENERATE_INFOPLIST_FILE = YES;
				MARKETING_VERSION = 1.0;
				PRODUCT_BUNDLE_IDENTIFIER = com.arias.playGroundUITests;
				PRODUCT_NAME = "$(TARGET_NAME)";
				SWIFT_EMIT_LOC_STRINGS = NO;
				SWIFT_VERSION = 5.0;
				TARGETED_DEVICE_FAMILY = "1,2";
				TEST_TARGET_NAME = playGround;
			};
			name = Debug;
		};
		AB136DE72CB51E3300BF1D62 /* Release */ = {
			isa = XCBuildConfiguration;
			buildSettings = {
				CODE_SIGN_STYLE = Automatic;
				CURRENT_PROJECT_VERSION = 1;
				DEVELOPMENT_TEAM = W4H4NKZ55Q;
				GENERATE_INFOPLIST_FILE = YES;
				MARKETING_VERSION = 1.0;
				PRODUCT_BUNDLE_IDENTIFIER = com.arias.playGroundUITests;
				PRODUCT_NAME = "$(TARGET_NAME)";
				SWIFT_EMIT_LOC_STRINGS = NO;
				SWIFT_VERSION = 5.0;
				TARGETED_DEVICE_FAMILY = "1,2";
				TEST_TARGET_NAME = playGround;
			};
			name = Release;
		};
/* End XCBuildConfiguration section */

/* Begin XCConfigurationList section */
		AB136DB12CB51E2F00BF1D62 /* Build configuration list for PBXProject "playGround" */ = {
			isa = XCConfigurationList;
			buildConfigurations = (
				AB136DE02CB51E3300BF1D62 /* Debug */,
				AB136DE12CB51E3300BF1D62 /* Release */,
			);
			defaultConfigurationIsVisible = 0;
			defaultConfigurationName = Release;
		};
		AB136DDD2CB51E3300BF1D62 /* Build configuration list for PBXNativeTarget "playGround" */ = {
			isa = XCConfigurationList;
			buildConfigurations = (
				AB136DDE2CB51E3300BF1D62 /* Debug */,
				AB136DDF2CB51E3300BF1D62 /* Release */,
			);
			defaultConfigurationIsVisible = 0;
			defaultConfigurationName = Release;
		};
		AB136DE22CB51E3300BF1D62 /* Build configuration list for PBXNativeTarget "playGroundTests" */ = {
			isa = XCConfigurationList;
			buildConfigurations = (
				AB136DE32CB51E3300BF1D62 /* Debug */,
				AB136DE42CB51E3300BF1D62 /* Release */,
			);
			defaultConfigurationIsVisible = 0;
			defaultConfigurationName = Release;
		};
		AB136DE52CB51E3300BF1D62 /* Build configuration list for PBXNativeTarget "playGroundUITests" */ = {
			isa = XCConfigurationList;
			buildConfigurations = (
				AB136DE62CB51E3300BF1D62 /* Debug */,
				AB136DE72CB51E3300BF1D62 /* Release */,
			);
			defaultConfigurationIsVisible = 0;
			defaultConfigurationName = Release;
		};
/* End XCConfigurationList section */
	};
	rootObject = AB136DAE2CB51E2F00BF1D62 /* Project object */;
}
